
Microsoft Visual Studio Solution File, Format Version 12.00
# Visual Studio Version 17
VisualStudioVersion = 17.3.32929.385
MinimumVisualStudioVersion = 10.0.40219.1
Project("{FAE04EC0-301F-11D3-BF4B-00C04F79EFBC}") = "SpaceShooter", "SpaceShooter.csproj", "{61C82A09-B705-4704-B06F-D2C424E9DEDF}"
EndProject
Global
	GlobalSection(SolutionConfigurationPlatforms) = preSolution
		Debug|Any CPU = Debug|Any CPU
		Release|Any CPU = Release|Any CPU
	EndGlobalSection
	GlobalSection(ProjectConfigurationPlatforms) = postSolution
		{61C82A09-B705-4704-B06F-D2C424E9DEDF}.Debug|Any CPU.ActiveCfg = Debug|Any CPU
		{61C82A09-B705-4704-B06F-D2C424E9DEDF}.Debug|Any CPU.Build.0 = Debug|Any CPU
		{61C82A09-B705-4704-B06F-D2C424E9DEDF}.Release|Any CPU.ActiveCfg = Release|Any CPU
		{61C82A09-B705-4704-B06F-D2C424E9DEDF}.Release|Any CPU.Build.0 = Release|Any CPU
	EndGlobalSection
	GlobalSection(SolutionProperties) = preSolution
		HideSolutionNode = FALSE
	EndGlobalSection
	GlobalSection(ExtensibilityGlobals) = postSolution
		SolutionGuid = {6D4382E9-B69C-45FD-A491-CEFA72843A20}
	EndGlobalSection
EndGlobal
